
Microsoft Visual Studio Solution File, Format Version 12.00
# Visual Studio Version 17
VisualStudioVersion = 17.5.33516.290
MinimumVisualStudioVersion = 10.0.40219.1
Project("{9A19103F-16F7-4668-BE54-9A1E7A4F7556}") = "UserService", "UserService\UserService.csproj", "{FEA5A6F3-0C62-4194-8A99-CAF16EB76D0F}"
EndProject
Project("{2150E333-8FDC-42A3-9474-1A3956D46DE8}") = "Microservice", "Microservice", "{FC8BA749-F356-45BD-87B4-841F4DCE0ED4}"
EndProject
Project("{2150E333-8FDC-42A3-9474-1A3956D46DE8}") = "UserService", "UserService", "{92987614-7670-4AC2-A3F4-AE78C06296F1}"
EndProject
Project("{2150E333-8FDC-42A3-9474-1A3956D46DE8}") = "Solution Items", "Solution Items", "{A10C2888-73C5-4D0F-ABB5-79B8C93EAC0B}"
	ProjectSection(SolutionItems) = preProject
		docker-compose.yml = docker-compose.yml
	EndProjectSection
EndProject
Project("{2150E333-8FDC-42A3-9474-1A3956D46DE8}") = "MessagingService", "MessagingService", "{4AB519B8-8D8E-4292-B367-47A7E3178604}"
EndProject
Project("{9A19103F-16F7-4668-BE54-9A1E7A4F7556}") = "MessagingService", "MessagingService\MessagingService.csproj", "{0DB56D9B-7A92-4670-BD3B-0FBDB90211D9}"
EndProject
Project("{2150E333-8FDC-42A3-9474-1A3956D46DE8}") = "ApiGateway", "ApiGateway", "{BDCD4512-5139-4213-A7CB-0BE3AA41A6DD}"
EndProject
Project("{FAE04EC0-301F-11D3-BF4B-00C04F79EFBC}") = "Gateway", "Gateway\Gateway.csproj", "{B2CCFD74-3D21-4B85-A96C-78D7489BB6DE}"
EndProject
Global
	GlobalSection(SolutionConfigurationPlatforms) = preSolution
		Debug|Any CPU = Debug|Any CPU
		Release|Any CPU = Release|Any CPU
	EndGlobalSection
	GlobalSection(ProjectConfigurationPlatforms) = postSolution
		{FEA5A6F3-0C62-4194-8A99-CAF16EB76D0F}.Debug|Any CPU.ActiveCfg = Debug|Any CPU
		{FEA5A6F3-0C62-4194-8A99-CAF16EB76D0F}.Debug|Any CPU.Build.0 = Debug|Any CPU
		{FEA5A6F3-0C62-4194-8A99-CAF16EB76D0F}.Release|Any CPU.ActiveCfg = Release|Any CPU
		{FEA5A6F3-0C62-4194-8A99-CAF16EB76D0F}.Release|Any CPU.Build.0 = Release|Any CPU
		{0DB56D9B-7A92-4670-BD3B-0FBDB90211D9}.Debug|Any CPU.ActiveCfg = Debug|Any CPU
		{0DB56D9B-7A92-4670-BD3B-0FBDB90211D9}.Debug|Any CPU.Build.0 = Debug|Any CPU
		{0DB56D9B-7A92-4670-BD3B-0FBDB90211D9}.Release|Any CPU.ActiveCfg = Release|Any CPU
		{0DB56D9B-7A92-4670-BD3B-0FBDB90211D9}.Release|Any CPU.Build.0 = Release|Any CPU
		{B2CCFD74-3D21-4B85-A96C-78D7489BB6DE}.Debug|Any CPU.ActiveCfg = Debug|Any CPU
		{B2CCFD74-3D21-4B85-A96C-78D7489BB6DE}.Debug|Any CPU.Build.0 = Debug|Any CPU
		{B2CCFD74-3D21-4B85-A96C-78D7489BB6DE}.Release|Any CPU.ActiveCfg = Release|Any CPU
		{B2CCFD74-3D21-4B85-A96C-78D7489BB6DE}.Release|Any CPU.Build.0 = Release|Any CPU
	EndGlobalSection
	GlobalSection(SolutionProperties) = preSolution
		HideSolutionNode = FALSE
	EndGlobalSection
	GlobalSection(NestedProjects) = preSolution
		{FEA5A6F3-0C62-4194-8A99-CAF16EB76D0F} = {92987614-7670-4AC2-A3F4-AE78C06296F1}
		{92987614-7670-4AC2-A3F4-AE78C06296F1} = {FC8BA749-F356-45BD-87B4-841F4DCE0ED4}
		{4AB519B8-8D8E-4292-B367-47A7E3178604} = {FC8BA749-F356-45BD-87B4-841F4DCE0ED4}
		{0DB56D9B-7A92-4670-BD3B-0FBDB90211D9} = {4AB519B8-8D8E-4292-B367-47A7E3178604}
		{B2CCFD74-3D21-4B85-A96C-78D7489BB6DE} = {BDCD4512-5139-4213-A7CB-0BE3AA41A6DD}
	EndGlobalSection
	GlobalSection(ExtensibilityGlobals) = postSolution
		SolutionGuid = {B4AC6B62-189E-4970-8CC6-9BBFBC52B127}
	EndGlobalSection
EndGlobal
